
Microsoft Visual Studio Solution File, Format Version 12.00
# Visual Studio 15
VisualStudioVersion = 15.0.28307.329
MinimumVisualStudioVersion = 10.0.40219.1
Project("{FAE04EC0-301F-11D3-BF4B-00C04F79EFBC}") = "3.ZaliczanieWystąpieńElementuWTab", "3.ZaliczanieWystąpieńElementuWTab\3.ZaliczanieWystąpieńElementuWTab.csproj", "{EC4526BC-19C6-4B38-B9E6-218871B17CC5}"
EndProject
Global
	GlobalSection(SolutionConfigurationPlatforms) = preSolution
		Debug|Any CPU = Debug|Any CPU
		Release|Any CPU = Release|Any CPU
	EndGlobalSection
	GlobalSection(ProjectConfigurationPlatforms) = postSolution
		{EC4526BC-19C6-4B38-B9E6-218871B17CC5}.Debug|Any CPU.ActiveCfg = Debug|Any CPU
		{EC4526BC-19C6-4B38-B9E6-218871B17CC5}.Debug|Any CPU.Build.0 = Debug|Any CPU
		{EC4526BC-19C6-4B38-B9E6-218871B17CC5}.Release|Any CPU.ActiveCfg = Release|Any CPU
		{EC4526BC-19C6-4B38-B9E6-218871B17CC5}.Release|Any CPU.Build.0 = Release|Any CPU
	EndGlobalSection
	GlobalSection(SolutionProperties) = preSolution
		HideSolutionNode = FALSE
	EndGlobalSection
	GlobalSection(ExtensibilityGlobals) = postSolution
		SolutionGuid = {C6D288FC-1FC0-49CE-A01C-33F45A8FF807}
	EndGlobalSection
EndGlobal
