
Microsoft Visual Studio Solution File, Format Version 12.00
# Visual Studio 15
VisualStudioVersion = 15.0.28307.329
MinimumVisualStudioVersion = 10.0.40219.1
Project("{FAE04EC0-301F-11D3-BF4B-00C04F79EFBC}") = "10.Potęgowanie", "10.Potęgowanie\10.Potęgowanie.csproj", "{41286D52-9918-48C4-8A62-64B924E10AFB}"
EndProject
Global
	GlobalSection(SolutionConfigurationPlatforms) = preSolution
		Debug|Any CPU = Debug|Any CPU
		Release|Any CPU = Release|Any CPU
	EndGlobalSection
	GlobalSection(ProjectConfigurationPlatforms) = postSolution
		{41286D52-9918-48C4-8A62-64B924E10AFB}.Debug|Any CPU.ActiveCfg = Debug|Any CPU
		{41286D52-9918-48C4-8A62-64B924E10AFB}.Debug|Any CPU.Build.0 = Debug|Any CPU
		{41286D52-9918-48C4-8A62-64B924E10AFB}.Release|Any CPU.ActiveCfg = Release|Any CPU
		{41286D52-9918-48C4-8A62-64B924E10AFB}.Release|Any CPU.Build.0 = Release|Any CPU
	EndGlobalSection
	GlobalSection(SolutionProperties) = preSolution
		HideSolutionNode = FALSE
	EndGlobalSection
	GlobalSection(ExtensibilityGlobals) = postSolution
		SolutionGuid = {260F9232-EDBF-4575-8C5F-4EFD509049E4}
	EndGlobalSection
EndGlobal
